
Microsoft Visual Studio Solution File, Format Version 12.00
# Visual Studio Version 17
VisualStudioVersion = 17.3.32811.315
MinimumVisualStudioVersion = 10.0.40219.1
Project("{8BC9CEB8-8B4A-11D0-8D11-00A0C91BC942}") = "beauty_5_laba_c++", "beauty_5_laba_c++\beauty_5_laba_c++.vcxproj", "{CAC994B7-168D-4DDE-A76A-EC6B2C714BE0}"
EndProject
Global
	GlobalSection(SolutionConfigurationPlatforms) = preSolution
		Debug|x64 = Debug|x64
		Debug|x86 = Debug|x86
		Release|x64 = Release|x64
		Release|x86 = Release|x86
	EndGlobalSection
	GlobalSection(ProjectConfigurationPlatforms) = postSolution
		{CAC994B7-168D-4DDE-A76A-EC6B2C714BE0}.Debug|x64.ActiveCfg = Debug|x64
		{CAC994B7-168D-4DDE-A76A-EC6B2C714BE0}.Debug|x64.Build.0 = Debug|x64
		{CAC994B7-168D-4DDE-A76A-EC6B2C714BE0}.Debug|x86.ActiveCfg = Debug|Win32
		{CAC994B7-168D-4DDE-A76A-EC6B2C714BE0}.Debug|x86.Build.0 = Debug|Win32
		{CAC994B7-168D-4DDE-A76A-EC6B2C714BE0}.Release|x64.ActiveCfg = Release|x64
		{CAC994B7-168D-4DDE-A76A-EC6B2C714BE0}.Release|x64.Build.0 = Release|x64
		{CAC994B7-168D-4DDE-A76A-EC6B2C714BE0}.Release|x86.ActiveCfg = Release|Win32
		{CAC994B7-168D-4DDE-A76A-EC6B2C714BE0}.Release|x86.Build.0 = Release|Win32
	EndGlobalSection
	GlobalSection(SolutionProperties) = preSolution
		HideSolutionNode = FALSE
	EndGlobalSection
	GlobalSection(ExtensibilityGlobals) = postSolution
		SolutionGuid = {4A1B2FDC-D82A-4CC1-B33C-57E45B2F25DB}
	EndGlobalSection
EndGlobal
